
Microsoft Visual Studio Solution File, Format Version 12.00
# Visual Studio Version 16
VisualStudioVersion = 16.0.31410.357
MinimumVisualStudioVersion = 10.0.40219.1
Project("{FAE04EC0-301F-11D3-BF4B-00C04F79EFBC}") = "Car - Builder Pattern", "Car - Builder Pattern\Car - Builder Pattern.csproj", "{606B7E16-74E3-4890-A55F-6FB684DDFA37}"
EndProject
Global
	GlobalSection(SolutionConfigurationPlatforms) = preSolution
		Debug|Any CPU = Debug|Any CPU
		Release|Any CPU = Release|Any CPU
	EndGlobalSection
	GlobalSection(ProjectConfigurationPlatforms) = postSolution
		{606B7E16-74E3-4890-A55F-6FB684DDFA37}.Debug|Any CPU.ActiveCfg = Debug|Any CPU
		{606B7E16-74E3-4890-A55F-6FB684DDFA37}.Debug|Any CPU.Build.0 = Debug|Any CPU
		{606B7E16-74E3-4890-A55F-6FB684DDFA37}.Release|Any CPU.ActiveCfg = Release|Any CPU
		{606B7E16-74E3-4890-A55F-6FB684DDFA37}.Release|Any CPU.Build.0 = Release|Any CPU
	EndGlobalSection
	GlobalSection(SolutionProperties) = preSolution
		HideSolutionNode = FALSE
	EndGlobalSection
	GlobalSection(ExtensibilityGlobals) = postSolution
		SolutionGuid = {1E662CE2-862C-4C55-90D9-5AB2161DFC5F}
	EndGlobalSection
EndGlobal
